
Microsoft Visual Studio Solution File, Format Version 12.00
# Visual Studio 15
VisualStudioVersion = 15.0.28307.902
MinimumVisualStudioVersion = 10.0.40219.1
Project("{FAE04EC0-301F-11D3-BF4B-00C04F79EFBC}") = "PMSAWebMVC", "PMSAWebMVC\PMSAWebMVC.csproj", "{6208CCC8-035E-4E86-8681-D87F976B8C24}"
EndProject
Global
	GlobalSection(SolutionConfigurationPlatforms) = preSolution
		Debug|Any CPU = Debug|Any CPU
		Release|Any CPU = Release|Any CPU
	EndGlobalSection
	GlobalSection(ProjectConfigurationPlatforms) = postSolution
		{6208CCC8-035E-4E86-8681-D87F976B8C24}.Debug|Any CPU.ActiveCfg = Debug|Any CPU
		{6208CCC8-035E-4E86-8681-D87F976B8C24}.Debug|Any CPU.Build.0 = Debug|Any CPU
		{6208CCC8-035E-4E86-8681-D87F976B8C24}.Release|Any CPU.ActiveCfg = Release|Any CPU
		{6208CCC8-035E-4E86-8681-D87F976B8C24}.Release|Any CPU.Build.0 = Release|Any CPU
	EndGlobalSection
	GlobalSection(SolutionProperties) = preSolution
		HideSolutionNode = FALSE
	EndGlobalSection
	GlobalSection(ExtensibilityGlobals) = postSolution
		SolutionGuid = {3F2EE181-EDFA-4767-B317-088A6812426B}
	EndGlobalSection
EndGlobal
